<?xml version="1.0" encoding="utf-8"?>
<Project ToolsVersion="4.0" xmlns="http://schemas.microsoft.com/developer/msbuild/2003">
  <ItemGroup>
    <Filter Include="Source Files">
      <UniqueIdentifier>{8006bfe0-e69a-4981-968e-c4c2ba2c5ad2}</UniqueIdentifier>
      <Extensions>cpp;c;cxx;rc;def;r;odl;idl;hpj;bat</Extensions>
    </Filter>
    <Filter Include="Header Files">
      <UniqueIdentifier>{954e8fb9-d5de-4983-9c87-6f29f8179d57}</UniqueIdentifier>
      <Extensions>h;hpp;hxx;hm;inl</Extensions>
    </Filter>
    <Filter Include="Resource Files">
      <UniqueIdentifier>{496e0739-50b8-43f9-b367-9d78ce60c4a5}</UniqueIdentifier>
      <Extensions>ico;cur;bmp;dlg;rc2;rct;bin;rgs;gif;jpg;jpeg;jpe</Extensions>
    </Filter>
  </ItemGroup>
  <ItemGroup>
    <ClCompile Include="StdAfx.cpp">
      <Filter>Source Files</Filter>
    </ClCompile>
    <ClCompile Include="Strategy.cpp">
      <Filter>Source Files</Filter>
    </ClCompile>
    <ClCompile Include="Core\beliefState.cpp">
      <Filter>Source Files</Filter>
    </ClCompile>
    <ClCompile Include="Utils\kalman.cpp">
      <Filter>Source Files</Filter>
    </ClCompile>
    <ClCompile Include="Utils\LocalAvoidance.cpp">
      <Filter>Source Files</Filter>
    </ClCompile>
    <ClCompile Include="Utils\comdef.cpp">
      <Filter>Source Files</Filter>
    </ClCompile>
    <ClCompile Include="HAL\comm.cpp">
      <Filter>Source Files</Filter>
    </ClCompile>
    <ClCompile Include="main.cpp">
      <Filter>Source Files</Filter>
    </ClCompile>
    <ClCompile Include="common\src\thread.cpp">
      <Filter>Source Files</Filter>
    </ClCompile>
    <ClCompile Include="Server.cpp">
      <Filter>Source Files</Filter>
    </ClCompile>
    <ClCompile Include="winDebugger\Client.cpp">
      <Filter>Source Files</Filter>
    </ClCompile>
    <ClCompile Include="common\include\config.cpp">
      <Filter>Source Files</Filter>
    </ClCompile>
    <ClCompile Include="Utils\intersection.cpp">
      <Filter>Source Files</Filter>
    </ClCompile>
    <ClCompile Include="Skills\skills.cpp">
      <Filter>Source Files</Filter>
    </ClCompile>
  </ItemGroup>
  <ItemGroup>
    <ClInclude Include="StdAfx.h">
      <Filter>Header Files</Filter>
    </ClInclude>
    <ClInclude Include="Strategy.h">
      <Filter>Header Files</Filter>
    </ClInclude>
    <ClInclude Include="Core\beliefState.h">
      <Filter>Header Files</Filter>
    </ClInclude>
    <ClInclude Include="Core\tester.hpp">
      <Filter>Header Files</Filter>
    </ClInclude>
    <ClInclude Include="Utils\intersection.hpp">
      <Filter>Header Files</Filter>
    </ClInclude>
    <ClInclude Include="Utils\kalman.h">
      <Filter>Header Files</Filter>
    </ClInclude>
    <ClInclude Include="Utils\kdTree.hpp">
      <Filter>Header Files</Filter>
    </ClInclude>
    <ClInclude Include="Utils\pathPlanners.h">
      <Filter>Header Files</Filter>
    </ClInclude>
    <ClInclude Include="Utils\comdef.h">
      <Filter>Header Files</Filter>
    </ClInclude>
    <ClInclude Include="HAL\comm.h">
      <Filter>Header Files</Filter>
    </ClInclude>
    <ClInclude Include="mainheaders.hpp">
      <Filter>Header Files</Filter>
    </ClInclude>
    <ClInclude Include="common\include\config.h">
      <Filter>Header Files</Filter>
    </ClInclude>
    <ClInclude Include="common\include\cs.hpp">
      <Filter>Header Files</Filter>
    </ClInclude>
    <ClInclude Include="common\include\geometry.hpp">
      <Filter>Header Files</Filter>
    </ClInclude>
    <ClInclude Include="common\include\randGenerator.h">
      <Filter>Header Files</Filter>
    </ClInclude>
    <ClInclude Include="common\include\rbCommDef.h">
      <Filter>Header Files</Filter>
    </ClInclude>
    <ClInclude Include="common\include\thread.h">
      <Filter>Header Files</Filter>
    </ClInclude>
    <ClInclude Include="common\include\timer.h">
      <Filter>Header Files</Filter>
    </ClInclude>
    <ClInclude Include="common\include\util.h">
      <Filter>Header Files</Filter>
    </ClInclude>
    <ClInclude Include="common\include\vld.h">
      <Filter>Header Files</Filter>
    </ClInclude>
    <ClInclude Include="Server.h">
      <Filter>Header Files</Filter>
    </ClInclude>
    <ClInclude Include="winDebugger\Client.h">
      <Filter>Header Files</Filter>
    </ClInclude>
    <ClInclude Include="resource.h">
      <Filter>Header Files</Filter>
    </ClInclude>
    <ClInclude Include="Game\Attacker.hpp">
      <Filter>Header Files</Filter>
    </ClInclude>
    <ClInclude Include="Game\Defender.hpp">
      <Filter>Header Files</Filter>
    </ClInclude>
    <ClInclude Include="Game\Game.hpp">
      <Filter>Header Files</Filter>
    </ClInclude>
    <ClInclude Include="Game\GoalKeeper.hpp">
      <Filter>Header Files</Filter>
    </ClInclude>
    <ClInclude Include="Game\includes.h">
      <Filter>Header Files</Filter>
    </ClInclude>
    <ClInclude Include="Skills\skills.h">
      <Filter>Header Files</Filter>
    </ClInclude>
  </ItemGroup>
  <ItemGroup>
    <CustomBuild Include="ReadMe.txt" />
  </ItemGroup>
  <ItemGroup>
    <ResourceCompile Include="Strategy.rc">
      <Filter>Source Files</Filter>
    </ResourceCompile>
  </ItemGroup>
</Project>